
Microsoft Visual Studio Solution File, Format Version 12.00
# Visual Studio Version 16
VisualStudioVersion = 16.0.31129.286
MinimumVisualStudioVersion = 10.0.40219.1
Project("{2150E333-8FDC-42A3-9474-1A3956D46DE8}") = "src", "src", "{E16E4D28-DED9-42AD-B3D5-2E5BCB827462}"
EndProject
Project("{2150E333-8FDC-42A3-9474-1A3956D46DE8}") = "Services", "Services", "{86CD5782-3242-4796-AF75-AC3B0B060CBC}"
EndProject
Project("{2150E333-8FDC-42A3-9474-1A3956D46DE8}") = "Rest", "Rest", "{754A89E3-DBD4-4165-9AFD-306CF52E51C0}"
EndProject
Project("{9A19103F-16F7-4668-BE54-9A1E7A4F7556}") = "TCC.Application.Rest", "src\Services\TCC.Application.Rest\TCC.Application.Rest.csproj", "{7CDDF2BF-F4F9-4102-B961-C65DA91074EC}"
EndProject
Project("{2150E333-8FDC-42A3-9474-1A3956D46DE8}") = "GraphQL", "GraphQL", "{EBF70B48-FC76-483E-B096-9B267FEADEE2}"
EndProject
Project("{9A19103F-16F7-4668-BE54-9A1E7A4F7556}") = "TCC.Application.GRAPHQL", "src\Services\TCC.Application.GRAPHQL\TCC.Application.GRAPHQL.csproj", "{F7D912C4-A7C1-4A29-A285-19DB315CC005}"
EndProject
Project("{2150E333-8FDC-42A3-9474-1A3956D46DE8}") = "Grpc", "Grpc", "{6B315BE0-D2DD-41CC-8655-4EBED3554C10}"
EndProject
Project("{9A19103F-16F7-4668-BE54-9A1E7A4F7556}") = "TCC.Application.GRPC", "src\Services\TCC.Application.GRPC\TCC.Application.GRPC.csproj", "{DFF0EFBC-0536-4059-966A-5C1F2B4FFB08}"
EndProject
Project("{2150E333-8FDC-42A3-9474-1A3956D46DE8}") = "Gateway", "Gateway", "{DCB17D6D-5FB7-48DE-B50B-5A0FAEC8B165}"
EndProject
Project("{FAE04EC0-301F-11D3-BF4B-00C04F79EFBC}") = "TCC.Application.Gateway", "src\Services\TCC.Application.Gateway\TCC.Application.Gateway.csproj", "{AD2B5F05-D89A-497D-9641-EE18AA505C33}"
EndProject
Global
	GlobalSection(SolutionConfigurationPlatforms) = preSolution
		Debug|Any CPU = Debug|Any CPU
		Release|Any CPU = Release|Any CPU
	EndGlobalSection
	GlobalSection(ProjectConfigurationPlatforms) = postSolution
		{7CDDF2BF-F4F9-4102-B961-C65DA91074EC}.Debug|Any CPU.ActiveCfg = Debug|Any CPU
		{7CDDF2BF-F4F9-4102-B961-C65DA91074EC}.Debug|Any CPU.Build.0 = Debug|Any CPU
		{7CDDF2BF-F4F9-4102-B961-C65DA91074EC}.Release|Any CPU.ActiveCfg = Release|Any CPU
		{7CDDF2BF-F4F9-4102-B961-C65DA91074EC}.Release|Any CPU.Build.0 = Release|Any CPU
		{F7D912C4-A7C1-4A29-A285-19DB315CC005}.Debug|Any CPU.ActiveCfg = Debug|Any CPU
		{F7D912C4-A7C1-4A29-A285-19DB315CC005}.Debug|Any CPU.Build.0 = Debug|Any CPU
		{F7D912C4-A7C1-4A29-A285-19DB315CC005}.Release|Any CPU.ActiveCfg = Release|Any CPU
		{F7D912C4-A7C1-4A29-A285-19DB315CC005}.Release|Any CPU.Build.0 = Release|Any CPU
		{DFF0EFBC-0536-4059-966A-5C1F2B4FFB08}.Debug|Any CPU.ActiveCfg = Debug|Any CPU
		{DFF0EFBC-0536-4059-966A-5C1F2B4FFB08}.Debug|Any CPU.Build.0 = Debug|Any CPU
		{DFF0EFBC-0536-4059-966A-5C1F2B4FFB08}.Release|Any CPU.ActiveCfg = Release|Any CPU
		{DFF0EFBC-0536-4059-966A-5C1F2B4FFB08}.Release|Any CPU.Build.0 = Release|Any CPU
		{AD2B5F05-D89A-497D-9641-EE18AA505C33}.Debug|Any CPU.ActiveCfg = Debug|Any CPU
		{AD2B5F05-D89A-497D-9641-EE18AA505C33}.Debug|Any CPU.Build.0 = Debug|Any CPU
		{AD2B5F05-D89A-497D-9641-EE18AA505C33}.Release|Any CPU.ActiveCfg = Release|Any CPU
		{AD2B5F05-D89A-497D-9641-EE18AA505C33}.Release|Any CPU.Build.0 = Release|Any CPU
	EndGlobalSection
	GlobalSection(SolutionProperties) = preSolution
		HideSolutionNode = FALSE
	EndGlobalSection
	GlobalSection(NestedProjects) = preSolution
		{86CD5782-3242-4796-AF75-AC3B0B060CBC} = {E16E4D28-DED9-42AD-B3D5-2E5BCB827462}
		{754A89E3-DBD4-4165-9AFD-306CF52E51C0} = {86CD5782-3242-4796-AF75-AC3B0B060CBC}
		{7CDDF2BF-F4F9-4102-B961-C65DA91074EC} = {754A89E3-DBD4-4165-9AFD-306CF52E51C0}
		{EBF70B48-FC76-483E-B096-9B267FEADEE2} = {86CD5782-3242-4796-AF75-AC3B0B060CBC}
		{F7D912C4-A7C1-4A29-A285-19DB315CC005} = {EBF70B48-FC76-483E-B096-9B267FEADEE2}
		{6B315BE0-D2DD-41CC-8655-4EBED3554C10} = {86CD5782-3242-4796-AF75-AC3B0B060CBC}
		{DFF0EFBC-0536-4059-966A-5C1F2B4FFB08} = {6B315BE0-D2DD-41CC-8655-4EBED3554C10}
		{DCB17D6D-5FB7-48DE-B50B-5A0FAEC8B165} = {86CD5782-3242-4796-AF75-AC3B0B060CBC}
		{AD2B5F05-D89A-497D-9641-EE18AA505C33} = {DCB17D6D-5FB7-48DE-B50B-5A0FAEC8B165}
	EndGlobalSection
	GlobalSection(ExtensibilityGlobals) = postSolution
		SolutionGuid = {596284ED-82DA-4C7F-BAEE-33192ADA9825}
	EndGlobalSection
EndGlobal
